
Microsoft Visual Studio Solution File, Format Version 12.00
# Visual Studio Version 16
VisualStudioVersion = 16.0.30128.74
MinimumVisualStudioVersion = 10.0.40219.1
Project("{9A19103F-16F7-4668-BE54-9A1E7A4F7556}") = "TranslateVis", "TranslateVis\TranslateVis.csproj", "{ABAA63FB-0D58-41DC-955B-916EBD0B562F}"
EndProject
Project("{9A19103F-16F7-4668-BE54-9A1E7A4F7556}") = "TranslateVis.Tools", "TranslateVis.Tools\TranslateVis.Tools.csproj", "{73E17840-DDD7-4E40-A252-755FE6411785}"
EndProject
Project("{FAE04EC0-301F-11D3-BF4B-00C04F79EFBC}") = "TranslateVis.DAL", "TranslateVis.DAL\TranslateVis.DAL.csproj", "{54772E41-1F40-40A0-842F-92EE5CBC8ACF}"
EndProject
Project("{FAE04EC0-301F-11D3-BF4B-00C04F79EFBC}") = "TranslateVis.Service", "TranslateVis.Service\TranslateVis.Service.csproj", "{8837442B-FB07-4E72-ACCA-9FB813E82E45}"
EndProject
Project("{FAE04EC0-301F-11D3-BF4B-00C04F79EFBC}") = "TranslateVis.DTO", "TranslateVis.DTO\TranslateVis.DTO.csproj", "{5BB95845-5E32-453C-9475-CF72C0A7AE06}"
EndProject
Global
	GlobalSection(SolutionConfigurationPlatforms) = preSolution
		Debug|Any CPU = Debug|Any CPU
		Release|Any CPU = Release|Any CPU
	EndGlobalSection
	GlobalSection(ProjectConfigurationPlatforms) = postSolution
		{ABAA63FB-0D58-41DC-955B-916EBD0B562F}.Debug|Any CPU.ActiveCfg = Debug|Any CPU
		{ABAA63FB-0D58-41DC-955B-916EBD0B562F}.Debug|Any CPU.Build.0 = Debug|Any CPU
		{ABAA63FB-0D58-41DC-955B-916EBD0B562F}.Release|Any CPU.ActiveCfg = Release|Any CPU
		{ABAA63FB-0D58-41DC-955B-916EBD0B562F}.Release|Any CPU.Build.0 = Release|Any CPU
		{73E17840-DDD7-4E40-A252-755FE6411785}.Debug|Any CPU.ActiveCfg = Debug|Any CPU
		{73E17840-DDD7-4E40-A252-755FE6411785}.Debug|Any CPU.Build.0 = Debug|Any CPU
		{73E17840-DDD7-4E40-A252-755FE6411785}.Release|Any CPU.ActiveCfg = Release|Any CPU
		{73E17840-DDD7-4E40-A252-755FE6411785}.Release|Any CPU.Build.0 = Release|Any CPU
		{54772E41-1F40-40A0-842F-92EE5CBC8ACF}.Debug|Any CPU.ActiveCfg = Debug|Any CPU
		{54772E41-1F40-40A0-842F-92EE5CBC8ACF}.Debug|Any CPU.Build.0 = Debug|Any CPU
		{54772E41-1F40-40A0-842F-92EE5CBC8ACF}.Release|Any CPU.ActiveCfg = Release|Any CPU
		{54772E41-1F40-40A0-842F-92EE5CBC8ACF}.Release|Any CPU.Build.0 = Release|Any CPU
		{8837442B-FB07-4E72-ACCA-9FB813E82E45}.Debug|Any CPU.ActiveCfg = Debug|Any CPU
		{8837442B-FB07-4E72-ACCA-9FB813E82E45}.Debug|Any CPU.Build.0 = Debug|Any CPU
		{8837442B-FB07-4E72-ACCA-9FB813E82E45}.Release|Any CPU.ActiveCfg = Release|Any CPU
		{8837442B-FB07-4E72-ACCA-9FB813E82E45}.Release|Any CPU.Build.0 = Release|Any CPU
		{5BB95845-5E32-453C-9475-CF72C0A7AE06}.Debug|Any CPU.ActiveCfg = Debug|Any CPU
		{5BB95845-5E32-453C-9475-CF72C0A7AE06}.Debug|Any CPU.Build.0 = Debug|Any CPU
		{5BB95845-5E32-453C-9475-CF72C0A7AE06}.Release|Any CPU.ActiveCfg = Release|Any CPU
		{5BB95845-5E32-453C-9475-CF72C0A7AE06}.Release|Any CPU.Build.0 = Release|Any CPU
	EndGlobalSection
	GlobalSection(SolutionProperties) = preSolution
		HideSolutionNode = FALSE
	EndGlobalSection
	GlobalSection(ExtensibilityGlobals) = postSolution
		SolutionGuid = {01D27D99-DC9E-4C4E-B3BD-8EF9F7AFA177}
	EndGlobalSection
EndGlobal
